// !$*UTF8*$!
{
	archiveVersion = 1;
	classes = {
	};
	objectVersion = 46;
	objects = {

/* Begin PBXBuildFile section */
		FAFBEE161475D07000519960 /* Foundation.framework in Frameworks */ = {isa = PBXBuildFile; fileRef = FAFBEE151475D07000519960 /* Foundation.framework */; };
		FAFBEE191475D07000519960 /* main.m in Sources */ = {isa = PBXBuildFile; fileRef = FAFBEE181475D07000519960 /* main.m */; };
		FAFBEE1D1475D07000519960 /* ANHTML.1 in CopyFiles */ = {isa = PBXBuildFile; fileRef = FAFBEE1C1475D07000519960 /* ANHTML.1 */; };
/* End PBXBuildFile section */

/* Begin PBXCopyFilesBuildPhase section */
		FAFBEE0F1475D07000519960 /* CopyFiles */ = {
			isa = PBXCopyFilesBuildPhase;
			buildActionMask = 2147483647;
			dstPath = /usr/share/man/man1/;
			dstSubfolderSpec = 0;
			files = (
				FAFBEE1D1475D07000519960 /* ANHTML.1 in CopyFiles */,
			);
			runOnlyForDeploymentPostprocessing = 1;
		};
/* End PBXCopyFilesBuildPhase section */

/* Begin PBXFileReference section */
		FAFBEE111475D07000519960 /* ANHTML */ = {isa = PBXFileReference; explicitFileType = "compiled.mach-o.executable"; includeInIndex = 0; path = ANHTML; sourceTree = BUILT_PRODUCTS_DIR; };
		FAFBEE151475D07000519960 /* Foundation.framework */ = {isa = PBXFileReference; lastKnownFileType = wrapper.framework; name = Foundation.framework; path = System/Library/Frameworks/Foundation.framework; sourceTree = SDKROOT; };
		FAFBEE181475D07000519960 /* main.m */ = {isa = PBXFileReference; lastKnownFileType = sourcecode.c.objc; path = main.m; sourceTree = "<group>"; };
		FAFBEE1B1475D07000519960 /* ANHTML-Prefix.pch */ = {isa = PBXFileReference; path = "ANHTML-Prefix.pch"; sourceTree = "<group>"; };
		FAFBEE1C1475D07000519960 /* ANHTML.1 */ = {isa = PBXFileReference; lastKnownFileType = text.man; path = ANHTML.1; sourceTree = "<group>"; };
/* End PBXFileReference section */

/* Begin PBXFrameworksBuildPhase section */
		FAFBEE0E1475D07000519960 /* Frameworks */ = {
			isa = PBXFrameworksBuildPhase;
			buildActionMask = 2147483647;
			files = (
				FAFBEE161475D07000519960 /* Foundation.framework in Frameworks */,
			);
			runOnlyForDeploymentPostprocessing = 0;
		};
/* End PBXFrameworksBuildPhase section */

/* Begin PBXGroup section */
		FAFBEE061475D07000519960 = {
			isa = PBXGroup;
			children = (
				FAFBEE171475D07000519960 /* ANHTML */,
				FAFBEE141475D07000519960 /* Frameworks */,
				FAFBEE121475D07000519960 /* Products */,
			);
			sourceTree = "<group>";
		};
		FAFBEE121475D07000519960 /* Products */ = {
			isa = PBXGroup;
			children = (
				FAFBEE111475D07000519960 /* ANHTML */,
			);
			name = Products;
			sourceTree = "<group>";
		};
		FAFBEE141475D07000519960 /* Frameworks */ = {
			isa = PBXGroup;
			children = (
				FAFBEE151475D07000519960 /* Foundation.framework */,
			);
			name = Frameworks;
			sourceTree = "<group>";
		};
		FAFBEE171475D07000519960 /* ANHTML */ = {
			isa = PBXGroup;
			children = (
				FAFBEE181475D07000519960 /* main.m */,
				FAFBEE1C1475D07000519960 /* ANHTML.1 */,
				FAFBEE1A1475D07000519960 /* Supporting Files */,
			);
			path = ANHTML;
			sourceTree = "<group>";
		};
		FAFBEE1A1475D07000519960 /* Supporting Files */ = {
			isa = PBXGroup;
			children = (
				FAFBEE1B1475D07000519960 /* ANHTML-Prefix.pch */,
			);
			name = "Supporting Files";
			sourceTree = "<group>";
		};
/* End PBXGroup section */

/* Begin PBXNativeTarget section */
		FAFBEE101475D07000519960 /* ANHTML */ = {
			isa = PBXNativeTarget;
			buildConfigurationList = FAFBEE201475D07000519960 /* Build configuration list for PBXNativeTarget "ANHTML" */;
			buildPhases = (
				FAFBEE0D1475D07000519960 /* Sources */,
				FAFBEE0E1475D07000519960 /* Frameworks */,
				FAFBEE0F1475D07000519960 /* CopyFiles */,
			);
			buildRules = (
			);
			dependencies = (
			);
			name = ANHTML;
			productName = ANHTML;
			productReference = FAFBEE111475D07000519960 /* ANHTML */;
			productType = "com.apple.product-type.tool";
		};
/* End PBXNativeTarget section */

/* Begin PBXProject section */
		FAFBEE081475D07000519960 /* Project object */ = {
			isa = PBXProject;
			attributes = {
				LastUpgradeCheck = 0420;
			};
			buildConfigurationList = FAFBEE0B1475D07000519960 /* Build configuration list for PBXProject "ANHTML" */;
			compatibilityVersion = "Xcode 3.2";
			developmentRegion = English;
			hasScannedForEncodings = 0;
			knownRegions = (
				en,
			);
			mainGroup = FAFBEE061475D07000519960;
			productRefGroup = FAFBEE121475D07000519960 /* Products */;
			projectDirPath = "";
			projectRoot = "";
			targets = (
				FAFBEE101475D07000519960 /* ANHTML */,
			);
		};
/* End PBXProject section */

/* Begin PBXSourcesBuildPhase section */
		FAFBEE0D1475D07000519960 /* Sources */ = {
			isa = PBXSourcesBuildPhase;
			buildActionMask = 2147483647;
			files = (
				FAFBEE191475D07000519960 /* main.m in Sources */,
			);
			runOnlyForDeploymentPostprocessing = 0;
		};
/* End PBXSourcesBuildPhase section */

/* Begin XCBuildConfiguration section */
		FAFBEE1E1475D07000519960 /* Debug */ = {
			isa = XCBuildConfiguration;
			buildSettings = {
				ALWAYS_SEARCH_USER_PATHS = NO;
				ARCHS = "$(ARCHS_STANDARD_64_BIT)";
				CLANG_ENABLE_OBJC_ARC = YES;
				COPY_PHASE_STRIP = NO;
				GCC_C_LANGUAGE_STANDARD = gnu99;
				GCC_DYNAMIC_NO_PIC = NO;
				GCC_ENABLE_OBJC_EXCEPTIONS = YES;
				GCC_OPTIMIZATION_LEVEL = 0;
				GCC_PREPROCESSOR_DEFINITIONS = (
					"DEBUG=1",
					"$(inherited)",
				);
				GCC_SYMBOLS_PRIVATE_EXTERN = NO;
				GCC_VERSION = com.apple.compilers.llvm.clang.1_0;
				GCC_WARN_64_TO_32_BIT_CONVERSION = YES;
				GCC_WARN_ABOUT_MISSING_PROTOTYPES = YES;
				GCC_WARN_ABOUT_RETURN_TYPE = YES;
				GCC_WARN_UNUSED_VARIABLE = YES;
				MACOSX_DEPLOYMENT_TARGET = 10.7;
				ONLY_ACTIVE_ARCH = YES;
				SDKROOT = macosx;
			};
			name = Debug;
		};
		FAFBEE1F1475D07000519960 /* Release */ = {
			isa = XCBuildConfiguration;
			buildSettings = {
				ALWAYS_SEARCH_USER_PATHS = NO;
				ARCHS = "$(ARCHS_STANDARD_64_BIT)";
				CLANG_ENABLE_OBJC_ARC = YES;
				COPY_PHASE_STRIP = YES;
				DEBUG_INFORMATION_FORMAT = "dwarf-with-dsym";
				GCC_C_LANGUAGE_STANDARD = gnu99;
				GCC_ENABLE_OBJC_EXCEPTIONS = YES;
				GCC_VERSION = com.apple.compilers.llvm.clang.1_0;
				GCC_WARN_64_TO_32_BIT_CONVERSION = YES;
				GCC_WARN_ABOUT_MISSING_PROTOTYPES = YES;
				GCC_WARN_ABOUT_RETURN_TYPE = YES;
				GCC_WARN_UNUSED_VARIABLE = YES;
				MACOSX_DEPLOYMENT_TARGET = 10.7;
				SDKROOT = macosx;
			};
			name = Release;
		};
		FAFBEE211475D07000519960 /* Debug */ = {
			isa = XCBuildConfiguration;
			buildSettings = {
				GCC_PRECOMPILE_PREFIX_HEADER = YES;
				GCC_PREFIX_HEADER = "ANHTML/ANHTML-Prefix.pch";
				PRODUCT_NAME = "$(TARGET_NAME)";
			};
			name = Debug;
		};
		FAFBEE221475D07000519960 /* Release */ = {
			isa = XCBuildConfiguration;
			buildSettings = {
				GCC_PRECOMPILE_PREFIX_HEADER = YES;
				GCC_PREFIX_HEADER = "ANHTML/ANHTML-Prefix.pch";
				PRODUCT_NAME = "$(TARGET_NAME)";
			};
			name = Release;
		};
/* End XCBuildConfiguration section */

/* Begin XCConfigurationList section */
		FAFBEE0B1475D07000519960 /* Build configuration list for PBXProject "ANHTML" */ = {
			isa = XCConfigurationList;
			buildConfigurations = (
				FAFBEE1E1475D07000519960 /* Debug */,
				FAFBEE1F1475D07000519960 /* Release */,
			);
			defaultConfigurationIsVisible = 0;
			defaultConfigurationName = Release;
		};
		FAFBEE201475D07000519960 /* Build configuration list for PBXNativeTarget "ANHTML" */ = {
			isa = XCConfigurationList;
			buildConfigurations = (
				FAFBEE211475D07000519960 /* Debug */,
				FAFBEE221475D07000519960 /* Release */,
			);
			defaultConfigurationIsVisible = 0;
		};
/* End XCConfigurationList section */
	};
	rootObject = FAFBEE081475D07000519960 /* Project object */;
}
