// !$*UTF8*$!
{
	archiveVersion = 1;
	classes = {
	};
	objectVersion = 46;
	objects = {

/* Begin PBXBuildFile section */
		FAA720171476F6AE0059D7A6 /* ANHTMLDocument.m in Sources */ = {isa = PBXBuildFile; fileRef = FAA720041476F6AE0059D7A6 /* ANHTMLDocument.m */; };
		FAA720181476F6AE0059D7A6 /* ANHTMLElement.m in Sources */ = {isa = PBXBuildFile; fileRef = FAA720061476F6AE0059D7A6 /* ANHTMLElement.m */; };
		FAA720191476F6AE0059D7A6 /* ANHTMLNode.m in Sources */ = {isa = PBXBuildFile; fileRef = FAA720081476F6AE0059D7A6 /* ANHTMLNode.m */; };
		FAA7201A1476F6AE0059D7A6 /* ANHTMLTextNode.m in Sources */ = {isa = PBXBuildFile; fileRef = FAA7200A1476F6AE0059D7A6 /* ANHTMLTextNode.m */; };
		FAA7201B1476F6AE0059D7A6 /* ANHTMLAttribute.m in Sources */ = {isa = PBXBuildFile; fileRef = FAA7200D1476F6AE0059D7A6 /* ANHTMLAttribute.m */; };
		FAA7201C1476F6AE0059D7A6 /* ANHTMLAttributes+CSS.m in Sources */ = {isa = PBXBuildFile; fileRef = FAA7200F1476F6AE0059D7A6 /* ANHTMLAttributes+CSS.m */; };
		FAA7201D1476F6AE0059D7A6 /* ANHTMLAttributes.m in Sources */ = {isa = PBXBuildFile; fileRef = FAA720111476F6AE0059D7A6 /* ANHTMLAttributes.m */; };
		FAA7201E1476F6AE0059D7A6 /* ANHTMLParser.m in Sources */ = {isa = PBXBuildFile; fileRef = FAA720141476F6AE0059D7A6 /* ANHTMLParser.m */; };
		FAA7201F1476F6AE0059D7A6 /* StringFeed.m in Sources */ = {isa = PBXBuildFile; fileRef = FAA720161476F6AE0059D7A6 /* StringFeed.m */; };
		FAFBEE161475D07000519960 /* Foundation.framework in Frameworks */ = {isa = PBXBuildFile; fileRef = FAFBEE151475D07000519960 /* Foundation.framework */; };
		FAFBEE191475D07000519960 /* main.m in Sources */ = {isa = PBXBuildFile; fileRef = FAFBEE181475D07000519960 /* main.m */; };
/* End PBXBuildFile section */

/* Begin PBXCopyFilesBuildPhase section */
		FAFBEE0F1475D07000519960 /* CopyFiles */ = {
			isa = PBXCopyFilesBuildPhase;
			buildActionMask = 2147483647;
			dstPath = /usr/share/man/man1/;
			dstSubfolderSpec = 0;
			files = (
			);
			runOnlyForDeploymentPostprocessing = 1;
		};
/* End PBXCopyFilesBuildPhase section */

/* Begin PBXFileReference section */
		FAA720031476F6AE0059D7A6 /* ANHTMLDocument.h */ = {isa = PBXFileReference; fileEncoding = 4; lastKnownFileType = sourcecode.c.h; path = ANHTMLDocument.h; sourceTree = "<group>"; };
		FAA720041476F6AE0059D7A6 /* ANHTMLDocument.m */ = {isa = PBXFileReference; fileEncoding = 4; lastKnownFileType = sourcecode.c.objc; path = ANHTMLDocument.m; sourceTree = "<group>"; };
		FAA720051476F6AE0059D7A6 /* ANHTMLElement.h */ = {isa = PBXFileReference; fileEncoding = 4; lastKnownFileType = sourcecode.c.h; path = ANHTMLElement.h; sourceTree = "<group>"; };
		FAA720061476F6AE0059D7A6 /* ANHTMLElement.m */ = {isa = PBXFileReference; fileEncoding = 4; lastKnownFileType = sourcecode.c.objc; path = ANHTMLElement.m; sourceTree = "<group>"; };
		FAA720071476F6AE0059D7A6 /* ANHTMLNode.h */ = {isa = PBXFileReference; fileEncoding = 4; lastKnownFileType = sourcecode.c.h; path = ANHTMLNode.h; sourceTree = "<group>"; };
		FAA720081476F6AE0059D7A6 /* ANHTMLNode.m */ = {isa = PBXFileReference; fileEncoding = 4; lastKnownFileType = sourcecode.c.objc; path = ANHTMLNode.m; sourceTree = "<group>"; };
		FAA720091476F6AE0059D7A6 /* ANHTMLTextNode.h */ = {isa = PBXFileReference; fileEncoding = 4; lastKnownFileType = sourcecode.c.h; path = ANHTMLTextNode.h; sourceTree = "<group>"; };
		FAA7200A1476F6AE0059D7A6 /* ANHTMLTextNode.m */ = {isa = PBXFileReference; fileEncoding = 4; lastKnownFileType = sourcecode.c.objc; path = ANHTMLTextNode.m; sourceTree = "<group>"; };
		FAA7200C1476F6AE0059D7A6 /* ANHTMLAttribute.h */ = {isa = PBXFileReference; fileEncoding = 4; lastKnownFileType = sourcecode.c.h; path = ANHTMLAttribute.h; sourceTree = "<group>"; };
		FAA7200D1476F6AE0059D7A6 /* ANHTMLAttribute.m */ = {isa = PBXFileReference; fileEncoding = 4; lastKnownFileType = sourcecode.c.objc; path = ANHTMLAttribute.m; sourceTree = "<group>"; };
		FAA7200E1476F6AE0059D7A6 /* ANHTMLAttributes+CSS.h */ = {isa = PBXFileReference; fileEncoding = 4; lastKnownFileType = sourcecode.c.h; path = "ANHTMLAttributes+CSS.h"; sourceTree = "<group>"; };
		FAA7200F1476F6AE0059D7A6 /* ANHTMLAttributes+CSS.m */ = {isa = PBXFileReference; fileEncoding = 4; lastKnownFileType = sourcecode.c.objc; path = "ANHTMLAttributes+CSS.m"; sourceTree = "<group>"; };
		FAA720101476F6AE0059D7A6 /* ANHTMLAttributes.h */ = {isa = PBXFileReference; fileEncoding = 4; lastKnownFileType = sourcecode.c.h; path = ANHTMLAttributes.h; sourceTree = "<group>"; };
		FAA720111476F6AE0059D7A6 /* ANHTMLAttributes.m */ = {isa = PBXFileReference; fileEncoding = 4; lastKnownFileType = sourcecode.c.objc; path = ANHTMLAttributes.m; sourceTree = "<group>"; };
		FAA720131476F6AE0059D7A6 /* ANHTMLParser.h */ = {isa = PBXFileReference; fileEncoding = 4; lastKnownFileType = sourcecode.c.h; path = ANHTMLParser.h; sourceTree = "<group>"; };
		FAA720141476F6AE0059D7A6 /* ANHTMLParser.m */ = {isa = PBXFileReference; fileEncoding = 4; lastKnownFileType = sourcecode.c.objc; path = ANHTMLParser.m; sourceTree = "<group>"; };
		FAA720151476F6AE0059D7A6 /* StringFeed.h */ = {isa = PBXFileReference; fileEncoding = 4; lastKnownFileType = sourcecode.c.h; path = StringFeed.h; sourceTree = "<group>"; };
		FAA720161476F6AE0059D7A6 /* StringFeed.m */ = {isa = PBXFileReference; fileEncoding = 4; lastKnownFileType = sourcecode.c.objc; path = StringFeed.m; sourceTree = "<group>"; };
		FAFBEE111475D07000519960 /* ANHTML */ = {isa = PBXFileReference; explicitFileType = "compiled.mach-o.executable"; includeInIndex = 0; path = ANHTML; sourceTree = BUILT_PRODUCTS_DIR; };
		FAFBEE151475D07000519960 /* Foundation.framework */ = {isa = PBXFileReference; lastKnownFileType = wrapper.framework; name = Foundation.framework; path = System/Library/Frameworks/Foundation.framework; sourceTree = SDKROOT; };
		FAFBEE181475D07000519960 /* main.m */ = {isa = PBXFileReference; lastKnownFileType = sourcecode.c.objc; path = main.m; sourceTree = "<group>"; };
		FAFBEE1B1475D07000519960 /* ANHTML-Prefix.pch */ = {isa = PBXFileReference; lastKnownFileType = sourcecode.c.h; path = "ANHTML-Prefix.pch"; sourceTree = "<group>"; };
/* End PBXFileReference section */

/* Begin PBXFrameworksBuildPhase section */
		FAFBEE0E1475D07000519960 /* Frameworks */ = {
			isa = PBXFrameworksBuildPhase;
			buildActionMask = 2147483647;
			files = (
				FAFBEE161475D07000519960 /* Foundation.framework in Frameworks */,
			);
			runOnlyForDeploymentPostprocessing = 0;
		};
/* End PBXFrameworksBuildPhase section */

/* Begin PBXGroup section */
		FAA720011476F6AE0059D7A6 /* HTML */ = {
			isa = PBXGroup;
			children = (
				FAA720021476F6AE0059D7A6 /* ANHTMLDocument */,
				FAA720121476F6AE0059D7A6 /* ANHTMLParser */,
			);
			path = HTML;
			sourceTree = "<group>";
		};
		FAA720021476F6AE0059D7A6 /* ANHTMLDocument */ = {
			isa = PBXGroup;
			children = (
				FAA720031476F6AE0059D7A6 /* ANHTMLDocument.h */,
				FAA720041476F6AE0059D7A6 /* ANHTMLDocument.m */,
				FAA720051476F6AE0059D7A6 /* ANHTMLElement.h */,
				FAA720061476F6AE0059D7A6 /* ANHTMLElement.m */,
				FAA720071476F6AE0059D7A6 /* ANHTMLNode.h */,
				FAA720081476F6AE0059D7A6 /* ANHTMLNode.m */,
				FAA720091476F6AE0059D7A6 /* ANHTMLTextNode.h */,
				FAA7200A1476F6AE0059D7A6 /* ANHTMLTextNode.m */,
				FAA7200B1476F6AE0059D7A6 /* Attributes */,
			);
			path = ANHTMLDocument;
			sourceTree = "<group>";
		};
		FAA7200B1476F6AE0059D7A6 /* Attributes */ = {
			isa = PBXGroup;
			children = (
				FAA7200C1476F6AE0059D7A6 /* ANHTMLAttribute.h */,
				FAA7200D1476F6AE0059D7A6 /* ANHTMLAttribute.m */,
				FAA7200E1476F6AE0059D7A6 /* ANHTMLAttributes+CSS.h */,
				FAA7200F1476F6AE0059D7A6 /* ANHTMLAttributes+CSS.m */,
				FAA720101476F6AE0059D7A6 /* ANHTMLAttributes.h */,
				FAA720111476F6AE0059D7A6 /* ANHTMLAttributes.m */,
			);
			path = Attributes;
			sourceTree = "<group>";
		};
		FAA720121476F6AE0059D7A6 /* ANHTMLParser */ = {
			isa = PBXGroup;
			children = (
				FAA720131476F6AE0059D7A6 /* ANHTMLParser.h */,
				FAA720141476F6AE0059D7A6 /* ANHTMLParser.m */,
				FAA720151476F6AE0059D7A6 /* StringFeed.h */,
				FAA720161476F6AE0059D7A6 /* StringFeed.m */,
			);
			path = ANHTMLParser;
			sourceTree = "<group>";
		};
		FAFBEE061475D07000519960 = {
			isa = PBXGroup;
			children = (
				FAA720011476F6AE0059D7A6 /* HTML */,
				FAFBEE171475D07000519960 /* Example */,
				FAFBEE141475D07000519960 /* Frameworks */,
				FAFBEE121475D07000519960 /* Products */,
			);
			sourceTree = "<group>";
		};
		FAFBEE121475D07000519960 /* Products */ = {
			isa = PBXGroup;
			children = (
				FAFBEE111475D07000519960 /* ANHTML */,
			);
			name = Products;
			sourceTree = "<group>";
		};
		FAFBEE141475D07000519960 /* Frameworks */ = {
			isa = PBXGroup;
			children = (
				FAFBEE151475D07000519960 /* Foundation.framework */,
			);
			name = Frameworks;
			sourceTree = "<group>";
		};
		FAFBEE171475D07000519960 /* Example */ = {
			isa = PBXGroup;
			children = (
				FAFBEE181475D07000519960 /* main.m */,
				FAFBEE1A1475D07000519960 /* Supporting Files */,
			);
			name = Example;
			path = ANHTML;
			sourceTree = "<group>";
		};
		FAFBEE1A1475D07000519960 /* Supporting Files */ = {
			isa = PBXGroup;
			children = (
				FAFBEE1B1475D07000519960 /* ANHTML-Prefix.pch */,
			);
			name = "Supporting Files";
			sourceTree = "<group>";
		};
/* End PBXGroup section */

/* Begin PBXNativeTarget section */
		FAFBEE101475D07000519960 /* ANHTML */ = {
			isa = PBXNativeTarget;
			buildConfigurationList = FAFBEE201475D07000519960 /* Build configuration list for PBXNativeTarget "ANHTML" */;
			buildPhases = (
				FAFBEE0D1475D07000519960 /* Sources */,
				FAFBEE0E1475D07000519960 /* Frameworks */,
				FAFBEE0F1475D07000519960 /* CopyFiles */,
			);
			buildRules = (
			);
			dependencies = (
			);
			name = ANHTML;
			productName = ANHTML;
			productReference = FAFBEE111475D07000519960 /* ANHTML */;
			productType = "com.apple.product-type.tool";
		};
/* End PBXNativeTarget section */

/* Begin PBXProject section */
		FAFBEE081475D07000519960 /* Project object */ = {
			isa = PBXProject;
			attributes = {
				LastUpgradeCheck = 0420;
			};
			buildConfigurationList = FAFBEE0B1475D07000519960 /* Build configuration list for PBXProject "ANHTML" */;
			compatibilityVersion = "Xcode 3.2";
			developmentRegion = English;
			hasScannedForEncodings = 0;
			knownRegions = (
				en,
			);
			mainGroup = FAFBEE061475D07000519960;
			productRefGroup = FAFBEE121475D07000519960 /* Products */;
			projectDirPath = "";
			projectRoot = "";
			targets = (
				FAFBEE101475D07000519960 /* ANHTML */,
			);
		};
/* End PBXProject section */

/* Begin PBXSourcesBuildPhase section */
		FAFBEE0D1475D07000519960 /* Sources */ = {
			isa = PBXSourcesBuildPhase;
			buildActionMask = 2147483647;
			files = (
				FAFBEE191475D07000519960 /* main.m in Sources */,
				FAA720171476F6AE0059D7A6 /* ANHTMLDocument.m in Sources */,
				FAA720181476F6AE0059D7A6 /* ANHTMLElement.m in Sources */,
				FAA720191476F6AE0059D7A6 /* ANHTMLNode.m in Sources */,
				FAA7201A1476F6AE0059D7A6 /* ANHTMLTextNode.m in Sources */,
				FAA7201B1476F6AE0059D7A6 /* ANHTMLAttribute.m in Sources */,
				FAA7201C1476F6AE0059D7A6 /* ANHTMLAttributes+CSS.m in Sources */,
				FAA7201D1476F6AE0059D7A6 /* ANHTMLAttributes.m in Sources */,
				FAA7201E1476F6AE0059D7A6 /* ANHTMLParser.m in Sources */,
				FAA7201F1476F6AE0059D7A6 /* StringFeed.m in Sources */,
			);
			runOnlyForDeploymentPostprocessing = 0;
		};
/* End PBXSourcesBuildPhase section */

/* Begin XCBuildConfiguration section */
		FAFBEE1E1475D07000519960 /* Debug */ = {
			isa = XCBuildConfiguration;
			buildSettings = {
				ALWAYS_SEARCH_USER_PATHS = NO;
				ARCHS = "$(ARCHS_STANDARD_64_BIT)";
				CLANG_ENABLE_OBJC_ARC = YES;
				COPY_PHASE_STRIP = NO;
				GCC_C_LANGUAGE_STANDARD = gnu99;
				GCC_DYNAMIC_NO_PIC = NO;
				GCC_ENABLE_OBJC_EXCEPTIONS = YES;
				GCC_OPTIMIZATION_LEVEL = 0;
				GCC_PREPROCESSOR_DEFINITIONS = (
					"DEBUG=1",
					"$(inherited)",
				);
				GCC_SYMBOLS_PRIVATE_EXTERN = NO;
				GCC_VERSION = com.apple.compilers.llvm.clang.1_0;
				GCC_WARN_64_TO_32_BIT_CONVERSION = YES;
				GCC_WARN_ABOUT_MISSING_PROTOTYPES = YES;
				GCC_WARN_ABOUT_RETURN_TYPE = YES;
				GCC_WARN_UNUSED_VARIABLE = YES;
				MACOSX_DEPLOYMENT_TARGET = 10.7;
				ONLY_ACTIVE_ARCH = YES;
				SDKROOT = macosx;
			};
			name = Debug;
		};
		FAFBEE1F1475D07000519960 /* Release */ = {
			isa = XCBuildConfiguration;
			buildSettings = {
				ALWAYS_SEARCH_USER_PATHS = NO;
				ARCHS = "$(ARCHS_STANDARD_64_BIT)";
				CLANG_ENABLE_OBJC_ARC = YES;
				COPY_PHASE_STRIP = YES;
				DEBUG_INFORMATION_FORMAT = "dwarf-with-dsym";
				GCC_C_LANGUAGE_STANDARD = gnu99;
				GCC_ENABLE_OBJC_EXCEPTIONS = YES;
				GCC_VERSION = com.apple.compilers.llvm.clang.1_0;
				GCC_WARN_64_TO_32_BIT_CONVERSION = YES;
				GCC_WARN_ABOUT_MISSING_PROTOTYPES = YES;
				GCC_WARN_ABOUT_RETURN_TYPE = YES;
				GCC_WARN_UNUSED_VARIABLE = YES;
				MACOSX_DEPLOYMENT_TARGET = 10.7;
				SDKROOT = macosx;
			};
			name = Release;
		};
		FAFBEE211475D07000519960 /* Debug */ = {
			isa = XCBuildConfiguration;
			buildSettings = {
				GCC_PRECOMPILE_PREFIX_HEADER = YES;
				GCC_PREFIX_HEADER = "ANHTML/ANHTML-Prefix.pch";
				PRODUCT_NAME = "$(TARGET_NAME)";
			};
			name = Debug;
		};
		FAFBEE221475D07000519960 /* Release */ = {
			isa = XCBuildConfiguration;
			buildSettings = {
				GCC_PRECOMPILE_PREFIX_HEADER = YES;
				GCC_PREFIX_HEADER = "ANHTML/ANHTML-Prefix.pch";
				PRODUCT_NAME = "$(TARGET_NAME)";
			};
			name = Release;
		};
/* End XCBuildConfiguration section */

/* Begin XCConfigurationList section */
		FAFBEE0B1475D07000519960 /* Build configuration list for PBXProject "ANHTML" */ = {
			isa = XCConfigurationList;
			buildConfigurations = (
				FAFBEE1E1475D07000519960 /* Debug */,
				FAFBEE1F1475D07000519960 /* Release */,
			);
			defaultConfigurationIsVisible = 0;
			defaultConfigurationName = Release;
		};
		FAFBEE201475D07000519960 /* Build configuration list for PBXNativeTarget "ANHTML" */ = {
			isa = XCConfigurationList;
			buildConfigurations = (
				FAFBEE211475D07000519960 /* Debug */,
				FAFBEE221475D07000519960 /* Release */,
			);
			defaultConfigurationIsVisible = 0;
			defaultConfigurationName = Release;
		};
/* End XCConfigurationList section */
	};
	rootObject = FAFBEE081475D07000519960 /* Project object */;
}
